// !$*UTF8*$!
{
	archiveVersion = 1;
	classes = {
	};
	objectVersion = 46;
	objects = {

/* Begin PBXBuildFile section */
		4F1041AA1F023B1600EAC82C /* AppDelegate.swift in Sources */ = {isa = PBXBuildFile; fileRef = 4F1041A91F023B1600EAC82C /* AppDelegate.swift */; };
		4F1041B21F023B1600EAC82C /* Eat.xcdatamodeld in Sources */ = {isa = PBXBuildFile; fileRef = 4F1041B01F023B1600EAC82C /* Eat.xcdatamodeld */; };
		4F1041B41F023B1600EAC82C /* Assets.xcassets in Resources */ = {isa = PBXBuildFile; fileRef = 4F1041B31F023B1600EAC82C /* Assets.xcassets */; };
		4F1041C21F023B1600EAC82C /* EatTests.swift in Sources */ = {isa = PBXBuildFile; fileRef = 4F1041C11F023B1600EAC82C /* EatTests.swift */; };
		4F1041CD1F023B1600EAC82C /* EatUITests.swift in Sources */ = {isa = PBXBuildFile; fileRef = 4F1041CC1F023B1600EAC82C /* EatUITests.swift */; };
		4F22B9F01F0352CF00F510F9 /* CoreDataManager.swift in Sources */ = {isa = PBXBuildFile; fileRef = 4F22B9EF1F0352CF00F510F9 /* CoreDataManager.swift */; };
		4F22B9F21F0352EC00F510F9 /* ViewController.swift in Sources */ = {isa = PBXBuildFile; fileRef = 4F22B9F11F0352EC00F510F9 /* ViewController.swift */; };
		4F22BA011F038EBE00F510F9 /* LaunchScreen.storyboard in Resources */ = {isa = PBXBuildFile; fileRef = 4F22B9FF1F038EBE00F510F9 /* LaunchScreen.storyboard */; };
		4F22BA021F038EBE00F510F9 /* Main.storyboard in Resources */ = {isa = PBXBuildFile; fileRef = 4F22BA001F038EBE00F510F9 /* Main.storyboard */; };
		4F22BA071F038F1800F510F9 /* Foods+CoreDataProperties.swift in Sources */ = {isa = PBXBuildFile; fileRef = 4F22BA051F038F1800F510F9 /* Foods+CoreDataProperties.swift */; };
		4F22BA081F038F1800F510F9 /* Foods+CoreDataClass.swift in Sources */ = {isa = PBXBuildFile; fileRef = 4F22BA061F038F1800F510F9 /* Foods+CoreDataClass.swift */; };
		4F22BA0A1F038FCB00F510F9 /* FoodsExtension.swift in Sources */ = {isa = PBXBuildFile; fileRef = 4F22BA091F038FCB00F510F9 /* FoodsExtension.swift */; };
		98A08D3787F98046E78C9536 /* Pods_EatTests.framework in Frameworks */ = {isa = PBXBuildFile; fileRef = EE571E3AFCECE9197926524B /* Pods_EatTests.framework */; };
		CE578AC870DCCB4A4607FC36 /* Pods_EatUITests.framework in Frameworks */ = {isa = PBXBuildFile; fileRef = 12BEBE85F6E6BCAA898714CD /* Pods_EatUITests.framework */; };
		D35BBC01158C4A86243CCC4F /* Pods_Eat.framework in Frameworks */ = {isa = PBXBuildFile; fileRef = D5B8D82C367D095565CEF0A1 /* Pods_Eat.framework */; };
/* End PBXBuildFile section */

/* Begin PBXContainerItemProxy section */
		4F1041BE1F023B1600EAC82C /* PBXContainerItemProxy */ = {
			isa = PBXContainerItemProxy;
			containerPortal = 4F10419E1F023B1600EAC82C /* Project object */;
			proxyType = 1;
			remoteGlobalIDString = 4F1041A51F023B1600EAC82C;
			remoteInfo = Eat;
		};
		4F1041C91F023B1600EAC82C /* PBXContainerItemProxy */ = {
			isa = PBXContainerItemProxy;
			containerPortal = 4F10419E1F023B1600EAC82C /* Project object */;
			proxyType = 1;
			remoteGlobalIDString = 4F1041A51F023B1600EAC82C;
			remoteInfo = Eat;
		};
/* End PBXContainerItemProxy section */

/* Begin PBXFileReference section */
		12BEBE85F6E6BCAA898714CD /* Pods_EatUITests.framework */ = {isa = PBXFileReference; explicitFileType = wrapper.framework; includeInIndex = 0; path = Pods_EatUITests.framework; sourceTree = BUILT_PRODUCTS_DIR; };
		31DA5641A4512FD0D51AD418 /* Pods-Eat.release.xcconfig */ = {isa = PBXFileReference; includeInIndex = 1; lastKnownFileType = text.xcconfig; name = "Pods-Eat.release.xcconfig"; path = "Pods/Target Support Files/Pods-Eat/Pods-Eat.release.xcconfig"; sourceTree = "<group>"; };
		4F1041A61F023B1600EAC82C /* Eat.app */ = {isa = PBXFileReference; explicitFileType = wrapper.application; includeInIndex = 0; path = Eat.app; sourceTree = BUILT_PRODUCTS_DIR; };
		4F1041A91F023B1600EAC82C /* AppDelegate.swift */ = {isa = PBXFileReference; lastKnownFileType = sourcecode.swift; path = AppDelegate.swift; sourceTree = "<group>"; };
		4F1041B11F023B1600EAC82C /* Eat.xcdatamodel */ = {isa = PBXFileReference; lastKnownFileType = wrapper.xcdatamodel; path = Eat.xcdatamodel; sourceTree = "<group>"; };
		4F1041B31F023B1600EAC82C /* Assets.xcassets */ = {isa = PBXFileReference; lastKnownFileType = folder.assetcatalog; path = Assets.xcassets; sourceTree = "<group>"; };
		4F1041B81F023B1600EAC82C /* Info.plist */ = {isa = PBXFileReference; lastKnownFileType = text.plist.xml; path = Info.plist; sourceTree = "<group>"; };
		4F1041BD1F023B1600EAC82C /* EatTests.xctest */ = {isa = PBXFileReference; explicitFileType = wrapper.cfbundle; includeInIndex = 0; path = EatTests.xctest; sourceTree = BUILT_PRODUCTS_DIR; };
		4F1041C11F023B1600EAC82C /* EatTests.swift */ = {isa = PBXFileReference; lastKnownFileType = sourcecode.swift; path = EatTests.swift; sourceTree = "<group>"; };
		4F1041C31F023B1600EAC82C /* Info.plist */ = {isa = PBXFileReference; lastKnownFileType = text.plist.xml; path = Info.plist; sourceTree = "<group>"; };
		4F1041C81F023B1600EAC82C /* EatUITests.xctest */ = {isa = PBXFileReference; explicitFileType = wrapper.cfbundle; includeInIndex = 0; path = EatUITests.xctest; sourceTree = BUILT_PRODUCTS_DIR; };
		4F1041CC1F023B1600EAC82C /* EatUITests.swift */ = {isa = PBXFileReference; lastKnownFileType = sourcecode.swift; path = EatUITests.swift; sourceTree = "<group>"; };
		4F1041CE1F023B1600EAC82C /* Info.plist */ = {isa = PBXFileReference; lastKnownFileType = text.plist.xml; path = Info.plist; sourceTree = "<group>"; };
		4F22B9EF1F0352CF00F510F9 /* CoreDataManager.swift */ = {isa = PBXFileReference; fileEncoding = 4; lastKnownFileType = sourcecode.swift; path = CoreDataManager.swift; sourceTree = "<group>"; };
		4F22B9F11F0352EC00F510F9 /* ViewController.swift */ = {isa = PBXFileReference; fileEncoding = 4; lastKnownFileType = sourcecode.swift; path = ViewController.swift; sourceTree = "<group>"; };
		4F22B9FF1F038EBE00F510F9 /* LaunchScreen.storyboard */ = {isa = PBXFileReference; fileEncoding = 4; lastKnownFileType = file.storyboard; path = LaunchScreen.storyboard; sourceTree = "<group>"; };
		4F22BA001F038EBE00F510F9 /* Main.storyboard */ = {isa = PBXFileReference; fileEncoding = 4; lastKnownFileType = file.storyboard; path = Main.storyboard; sourceTree = "<group>"; };
		4F22BA051F038F1800F510F9 /* Foods+CoreDataProperties.swift */ = {isa = PBXFileReference; fileEncoding = 4; lastKnownFileType = sourcecode.swift; path = "Foods+CoreDataProperties.swift"; sourceTree = "<group>"; };
		4F22BA061F038F1800F510F9 /* Foods+CoreDataClass.swift */ = {isa = PBXFileReference; fileEncoding = 4; lastKnownFileType = sourcecode.swift; path = "Foods+CoreDataClass.swift"; sourceTree = "<group>"; };
		4F22BA091F038FCB00F510F9 /* FoodsExtension.swift */ = {isa = PBXFileReference; fileEncoding = 4; lastKnownFileType = sourcecode.swift; path = FoodsExtension.swift; sourceTree = "<group>"; };
		527E098F2552DCEA04F0B230 /* Pods-Eat.debug.xcconfig */ = {isa = PBXFileReference; includeInIndex = 1; lastKnownFileType = text.xcconfig; name = "Pods-Eat.debug.xcconfig"; path = "Pods/Target Support Files/Pods-Eat/Pods-Eat.debug.xcconfig"; sourceTree = "<group>"; };
		5E1789F885F87C60EB6539C1 /* Pods-EatTests.debug.xcconfig */ = {isa = PBXFileReference; includeInIndex = 1; lastKnownFileType = text.xcconfig; name = "Pods-EatTests.debug.xcconfig"; path = "Pods/Target Support Files/Pods-EatTests/Pods-EatTests.debug.xcconfig"; sourceTree = "<group>"; };
		84F9576BF18E9BB65F83D31C /* Pods-EatTests.release.xcconfig */ = {isa = PBXFileReference; includeInIndex = 1; lastKnownFileType = text.xcconfig; name = "Pods-EatTests.release.xcconfig"; path = "Pods/Target Support Files/Pods-EatTests/Pods-EatTests.release.xcconfig"; sourceTree = "<group>"; };
		D5B8D82C367D095565CEF0A1 /* Pods_Eat.framework */ = {isa = PBXFileReference; explicitFileType = wrapper.framework; includeInIndex = 0; path = Pods_Eat.framework; sourceTree = BUILT_PRODUCTS_DIR; };
		E8FFD9AF0706A7A563D2BA8F /* Pods-EatUITests.debug.xcconfig */ = {isa = PBXFileReference; includeInIndex = 1; lastKnownFileType = text.xcconfig; name = "Pods-EatUITests.debug.xcconfig"; path = "Pods/Target Support Files/Pods-EatUITests/Pods-EatUITests.debug.xcconfig"; sourceTree = "<group>"; };
		E91B76423A1C208EC4016B91 /* Pods-EatUITests.release.xcconfig */ = {isa = PBXFileReference; includeInIndex = 1; lastKnownFileType = text.xcconfig; name = "Pods-EatUITests.release.xcconfig"; path = "Pods/Target Support Files/Pods-EatUITests/Pods-EatUITests.release.xcconfig"; sourceTree = "<group>"; };
		EE571E3AFCECE9197926524B /* Pods_EatTests.framework */ = {isa = PBXFileReference; explicitFileType = wrapper.framework; includeInIndex = 0; path = Pods_EatTests.framework; sourceTree = BUILT_PRODUCTS_DIR; };
/* End PBXFileReference section */

/* Begin PBXFrameworksBuildPhase section */
		4F1041A31F023B1600EAC82C /* Frameworks */ = {
			isa = PBXFrameworksBuildPhase;
			buildActionMask = 2147483647;
			files = (
				D35BBC01158C4A86243CCC4F /* Pods_Eat.framework in Frameworks */,
			);
			runOnlyForDeploymentPostprocessing = 0;
		};
		4F1041BA1F023B1600EAC82C /* Frameworks */ = {
			isa = PBXFrameworksBuildPhase;
			buildActionMask = 2147483647;
			files = (
				98A08D3787F98046E78C9536 /* Pods_EatTests.framework in Frameworks */,
			);
			runOnlyForDeploymentPostprocessing = 0;
		};
		4F1041C51F023B1600EAC82C /* Frameworks */ = {
			isa = PBXFrameworksBuildPhase;
			buildActionMask = 2147483647;
			files = (
				CE578AC870DCCB4A4607FC36 /* Pods_EatUITests.framework in Frameworks */,
			);
			runOnlyForDeploymentPostprocessing = 0;
		};
/* End PBXFrameworksBuildPhase section */

/* Begin PBXGroup section */
		4F10419D1F023B1600EAC82C = {
			isa = PBXGroup;
			children = (
				4F1041A81F023B1600EAC82C /* Eat */,
				4F1041C01F023B1600EAC82C /* EatTests */,
				4F1041CB1F023B1600EAC82C /* EatUITests */,
				4F1041A71F023B1600EAC82C /* Products */,
				5FF2F57351D49EDB1845B878 /* Pods */,
				ED1AA10733B538FC325EFC64 /* Frameworks */,
			);
			sourceTree = "<group>";
		};
		4F1041A71F023B1600EAC82C /* Products */ = {
			isa = PBXGroup;
			children = (
				4F1041A61F023B1600EAC82C /* Eat.app */,
				4F1041BD1F023B1600EAC82C /* EatTests.xctest */,
				4F1041C81F023B1600EAC82C /* EatUITests.xctest */,
			);
			name = Products;
			sourceTree = "<group>";
		};
		4F1041A81F023B1600EAC82C /* Eat */ = {
			isa = PBXGroup;
			children = (
				4F22B9F41F03538800F510F9 /* Resource */,
				4F22B9F31F03535500F510F9 /* Config */,
				4F22B9EA1F03529C00F510F9 /* Model */,
				4F22B9EB1F03529C00F510F9 /* Request */,
				4F22B9EC1F03529C00F510F9 /* Tools */,
				4F22B9ED1F03529C00F510F9 /* ViewController */,
				4F22B9EE1F03529C00F510F9 /* ViewModel */,
				4F1041A91F023B1600EAC82C /* AppDelegate.swift */,
				4F1041B31F023B1600EAC82C /* Assets.xcassets */,
				4F1041B81F023B1600EAC82C /* Info.plist */,
				4F1041B01F023B1600EAC82C /* Eat.xcdatamodeld */,
			);
			path = Eat;
			sourceTree = "<group>";
		};
		4F1041C01F023B1600EAC82C /* EatTests */ = {
			isa = PBXGroup;
			children = (
				4F1041C11F023B1600EAC82C /* EatTests.swift */,
				4F1041C31F023B1600EAC82C /* Info.plist */,
			);
			path = EatTests;
			sourceTree = "<group>";
		};
		4F1041CB1F023B1600EAC82C /* EatUITests */ = {
			isa = PBXGroup;
			children = (
				4F1041CC1F023B1600EAC82C /* EatUITests.swift */,
				4F1041CE1F023B1600EAC82C /* Info.plist */,
			);
			path = EatUITests;
			sourceTree = "<group>";
		};
		4F22B9EA1F03529C00F510F9 /* Model */ = {
			isa = PBXGroup;
			children = (
				4F22BA031F038F1800F510F9 /* CategoryModel */,
				4F22BA041F038F1800F510F9 /* CoreDataModel */,
			);
			path = Model;
			sourceTree = "<group>";
		};
		4F22B9EB1F03529C00F510F9 /* Request */ = {
			isa = PBXGroup;
			children = (
			);
			path = Request;
			sourceTree = "<group>";
		};
		4F22B9EC1F03529C00F510F9 /* Tools */ = {
			isa = PBXGroup;
			children = (
			);
			path = Tools;
			sourceTree = "<group>";
		};
		4F22B9ED1F03529C00F510F9 /* ViewController */ = {
			isa = PBXGroup;
			children = (
				4F22B9F11F0352EC00F510F9 /* ViewController.swift */,
			);
			path = ViewController;
			sourceTree = "<group>";
		};
		4F22B9EE1F03529C00F510F9 /* ViewModel */ = {
			isa = PBXGroup;
			children = (
				4F22B9EF1F0352CF00F510F9 /* CoreDataManager.swift */,
			);
			path = ViewModel;
			sourceTree = "<group>";
		};
		4F22B9F31F03535500F510F9 /* Config */ = {
			isa = PBXGroup;
			children = (
			);
			path = Config;
			sourceTree = "<group>";
		};
		4F22B9F41F03538800F510F9 /* Resource */ = {
			isa = PBXGroup;
			children = (
				4F22B9F51F03550E00F510F9 /* InterFace */,
			);
			path = Resource;
			sourceTree = "<group>";
		};
		4F22B9F51F03550E00F510F9 /* InterFace */ = {
			isa = PBXGroup;
			children = (
				4F22B9FF1F038EBE00F510F9 /* LaunchScreen.storyboard */,
				4F22BA001F038EBE00F510F9 /* Main.storyboard */,
			);
			path = InterFace;
			sourceTree = "<group>";
		};
		4F22BA031F038F1800F510F9 /* CategoryModel */ = {
			isa = PBXGroup;
			children = (
				4F22BA091F038FCB00F510F9 /* FoodsExtension.swift */,
			);
			path = CategoryModel;
			sourceTree = "<group>";
		};
		4F22BA041F038F1800F510F9 /* CoreDataModel */ = {
			isa = PBXGroup;
			children = (
				4F22BA051F038F1800F510F9 /* Foods+CoreDataProperties.swift */,
				4F22BA061F038F1800F510F9 /* Foods+CoreDataClass.swift */,
			);
			path = CoreDataModel;
			sourceTree = "<group>";
		};
		5FF2F57351D49EDB1845B878 /* Pods */ = {
			isa = PBXGroup;
			children = (
				527E098F2552DCEA04F0B230 /* Pods-Eat.debug.xcconfig */,
				31DA5641A4512FD0D51AD418 /* Pods-Eat.release.xcconfig */,
				5E1789F885F87C60EB6539C1 /* Pods-EatTests.debug.xcconfig */,
				84F9576BF18E9BB65F83D31C /* Pods-EatTests.release.xcconfig */,
				E8FFD9AF0706A7A563D2BA8F /* Pods-EatUITests.debug.xcconfig */,
				E91B76423A1C208EC4016B91 /* Pods-EatUITests.release.xcconfig */,
			);
			name = Pods;
			sourceTree = "<group>";
		};
		ED1AA10733B538FC325EFC64 /* Frameworks */ = {
			isa = PBXGroup;
			children = (
				D5B8D82C367D095565CEF0A1 /* Pods_Eat.framework */,
				EE571E3AFCECE9197926524B /* Pods_EatTests.framework */,
				12BEBE85F6E6BCAA898714CD /* Pods_EatUITests.framework */,
			);
			name = Frameworks;
			sourceTree = "<group>";
		};
/* End PBXGroup section */

/* Begin PBXNativeTarget section */
		4F1041A51F023B1600EAC82C /* Eat */ = {
			isa = PBXNativeTarget;
			buildConfigurationList = 4F1041D11F023B1600EAC82C /* Build configuration list for PBXNativeTarget "Eat" */;
			buildPhases = (
				C3E1B6A5828FE2C29C13D57E /* [CP] Check Pods Manifest.lock */,
				4F1041A21F023B1600EAC82C /* Sources */,
				4F1041A31F023B1600EAC82C /* Frameworks */,
				4F1041A41F023B1600EAC82C /* Resources */,
				B344F1C8AE216F063BF62196 /* [CP] Embed Pods Frameworks */,
				394A3075D12D1886FE99315A /* [CP] Copy Pods Resources */,
			);
			buildRules = (
			);
			dependencies = (
			);
			name = Eat;
			productName = Eat;
			productReference = 4F1041A61F023B1600EAC82C /* Eat.app */;
			productType = "com.apple.product-type.application";
		};
		4F1041BC1F023B1600EAC82C /* EatTests */ = {
			isa = PBXNativeTarget;
			buildConfigurationList = 4F1041D41F023B1600EAC82C /* Build configuration list for PBXNativeTarget "EatTests" */;
			buildPhases = (
				15AB0185EEE277FAFBDAC13E /* [CP] Check Pods Manifest.lock */,
				4F1041B91F023B1600EAC82C /* Sources */,
				4F1041BA1F023B1600EAC82C /* Frameworks */,
				4F1041BB1F023B1600EAC82C /* Resources */,
				238D3EB75410428ECD416553 /* [CP] Embed Pods Frameworks */,
				7839611F839E1C6FD1527895 /* [CP] Copy Pods Resources */,
			);
			buildRules = (
			);
			dependencies = (
				4F1041BF1F023B1600EAC82C /* PBXTargetDependency */,
			);
			name = EatTests;
			productName = EatTests;
			productReference = 4F1041BD1F023B1600EAC82C /* EatTests.xctest */;
			productType = "com.apple.product-type.bundle.unit-test";
		};
		4F1041C71F023B1600EAC82C /* EatUITests */ = {
			isa = PBXNativeTarget;
			buildConfigurationList = 4F1041D71F023B1600EAC82C /* Build configuration list for PBXNativeTarget "EatUITests" */;
			buildPhases = (
				5A54AB038070DD8740873B6D /* [CP] Check Pods Manifest.lock */,
				4F1041C41F023B1600EAC82C /* Sources */,
				4F1041C51F023B1600EAC82C /* Frameworks */,
				4F1041C61F023B1600EAC82C /* Resources */,
				12425FB5E417A1F3196DDFA6 /* [CP] Embed Pods Frameworks */,
				D9452462F1A4FAAD5BB090C9 /* [CP] Copy Pods Resources */,
			);
			buildRules = (
			);
			dependencies = (
				4F1041CA1F023B1600EAC82C /* PBXTargetDependency */,
			);
			name = EatUITests;
			productName = EatUITests;
			productReference = 4F1041C81F023B1600EAC82C /* EatUITests.xctest */;
			productType = "com.apple.product-type.bundle.ui-testing";
		};
/* End PBXNativeTarget section */

/* Begin PBXProject section */
		4F10419E1F023B1600EAC82C /* Project object */ = {
			isa = PBXProject;
			attributes = {
				LastSwiftUpdateCheck = 0830;
				LastUpgradeCheck = 0830;
				ORGANIZATIONNAME = "谢艳";
				TargetAttributes = {
					4F1041A51F023B1600EAC82C = {
						CreatedOnToolsVersion = 8.3;
						DevelopmentTeam = XUW37V7S58;
						ProvisioningStyle = Automatic;
					};
					4F1041BC1F023B1600EAC82C = {
						CreatedOnToolsVersion = 8.3;
						DevelopmentTeam = XUW37V7S58;
						ProvisioningStyle = Automatic;
						TestTargetID = 4F1041A51F023B1600EAC82C;
					};
					4F1041C71F023B1600EAC82C = {
						CreatedOnToolsVersion = 8.3;
						DevelopmentTeam = XUW37V7S58;
						ProvisioningStyle = Automatic;
						TestTargetID = 4F1041A51F023B1600EAC82C;
					};
				};
			};
			buildConfigurationList = 4F1041A11F023B1600EAC82C /* Build configuration list for PBXProject "Eat" */;
			compatibilityVersion = "Xcode 3.2";
			developmentRegion = English;
			hasScannedForEncodings = 0;
			knownRegions = (
				en,
				Base,
			);
			mainGroup = 4F10419D1F023B1600EAC82C;
			productRefGroup = 4F1041A71F023B1600EAC82C /* Products */;
			projectDirPath = "";
			projectRoot = "";
			targets = (
				4F1041A51F023B1600EAC82C /* Eat */,
				4F1041BC1F023B1600EAC82C /* EatTests */,
				4F1041C71F023B1600EAC82C /* EatUITests */,
			);
		};
/* End PBXProject section */

/* Begin PBXResourcesBuildPhase section */
		4F1041A41F023B1600EAC82C /* Resources */ = {
			isa = PBXResourcesBuildPhase;
			buildActionMask = 2147483647;
			files = (
				4F22BA021F038EBE00F510F9 /* Main.storyboard in Resources */,
				4F1041B41F023B1600EAC82C /* Assets.xcassets in Resources */,
				4F22BA011F038EBE00F510F9 /* LaunchScreen.storyboard in Resources */,
			);
			runOnlyForDeploymentPostprocessing = 0;
		};
		4F1041BB1F023B1600EAC82C /* Resources */ = {
			isa = PBXResourcesBuildPhase;
			buildActionMask = 2147483647;
			files = (
			);
			runOnlyForDeploymentPostprocessing = 0;
		};
		4F1041C61F023B1600EAC82C /* Resources */ = {
			isa = PBXResourcesBuildPhase;
			buildActionMask = 2147483647;
			files = (
			);
			runOnlyForDeploymentPostprocessing = 0;
		};
/* End PBXResourcesBuildPhase section */

/* Begin PBXShellScriptBuildPhase section */
		12425FB5E417A1F3196DDFA6 /* [CP] Embed Pods Frameworks */ = {
			isa = PBXShellScriptBuildPhase;
			buildActionMask = 2147483647;
			files = (
			);
			inputPaths = (
			);
			name = "[CP] Embed Pods Frameworks";
			outputPaths = (
			);
			runOnlyForDeploymentPostprocessing = 0;
			shellPath = /bin/sh;
			shellScript = "\"${SRCROOT}/Pods/Target Support Files/Pods-EatUITests/Pods-EatUITests-frameworks.sh\"\n";
			showEnvVarsInLog = 0;
		};
		15AB0185EEE277FAFBDAC13E /* [CP] Check Pods Manifest.lock */ = {
			isa = PBXShellScriptBuildPhase;
			buildActionMask = 2147483647;
			files = (
			);
			inputPaths = (
			);
			name = "[CP] Check Pods Manifest.lock";
			outputPaths = (
			);
			runOnlyForDeploymentPostprocessing = 0;
			shellPath = /bin/sh;
			shellScript = "diff \"${PODS_PODFILE_DIR_PATH}/Podfile.lock\" \"${PODS_ROOT}/Manifest.lock\" > /dev/null\nif [ $? != 0 ] ; then\n    # print error to STDERR\n    echo \"error: The sandbox is not in sync with the Podfile.lock. Run 'pod install' or update your CocoaPods installation.\" >&2\n    exit 1\nfi\n";
			showEnvVarsInLog = 0;
		};
		238D3EB75410428ECD416553 /* [CP] Embed Pods Frameworks */ = {
			isa = PBXShellScriptBuildPhase;
			buildActionMask = 2147483647;
			files = (
			);
			inputPaths = (
			);
			name = "[CP] Embed Pods Frameworks";
			outputPaths = (
			);
			runOnlyForDeploymentPostprocessing = 0;
			shellPath = /bin/sh;
			shellScript = "\"${SRCROOT}/Pods/Target Support Files/Pods-EatTests/Pods-EatTests-frameworks.sh\"\n";
			showEnvVarsInLog = 0;
		};
		394A3075D12D1886FE99315A /* [CP] Copy Pods Resources */ = {
			isa = PBXShellScriptBuildPhase;
			buildActionMask = 2147483647;
			files = (
			);
			inputPaths = (
			);
			name = "[CP] Copy Pods Resources";
			outputPaths = (
			);
			runOnlyForDeploymentPostprocessing = 0;
			shellPath = /bin/sh;
			shellScript = "\"${SRCROOT}/Pods/Target Support Files/Pods-Eat/Pods-Eat-resources.sh\"\n";
			showEnvVarsInLog = 0;
		};
		5A54AB038070DD8740873B6D /* [CP] Check Pods Manifest.lock */ = {
			isa = PBXShellScriptBuildPhase;
			buildActionMask = 2147483647;
			files = (
			);
			inputPaths = (
			);
			name = "[CP] Check Pods Manifest.lock";
			outputPaths = (
			);
			runOnlyForDeploymentPostprocessing = 0;
			shellPath = /bin/sh;
			shellScript = "diff \"${PODS_PODFILE_DIR_PATH}/Podfile.lock\" \"${PODS_ROOT}/Manifest.lock\" > /dev/null\nif [ $? != 0 ] ; then\n    # print error to STDERR\n    echo \"error: The sandbox is not in sync with the Podfile.lock. Run 'pod install' or update your CocoaPods installation.\" >&2\n    exit 1\nfi\n";
			showEnvVarsInLog = 0;
		};
		7839611F839E1C6FD1527895 /* [CP] Copy Pods Resources */ = {
			isa = PBXShellScriptBuildPhase;
			buildActionMask = 2147483647;
			files = (
			);
			inputPaths = (
			);
			name = "[CP] Copy Pods Resources";
			outputPaths = (
			);
			runOnlyForDeploymentPostprocessing = 0;
			shellPath = /bin/sh;
			shellScript = "\"${SRCROOT}/Pods/Target Support Files/Pods-EatTests/Pods-EatTests-resources.sh\"\n";
			showEnvVarsInLog = 0;
		};
		B344F1C8AE216F063BF62196 /* [CP] Embed Pods Frameworks */ = {
			isa = PBXShellScriptBuildPhase;
			buildActionMask = 2147483647;
			files = (
			);
			inputPaths = (
			);
			name = "[CP] Embed Pods Frameworks";
			outputPaths = (
			);
			runOnlyForDeploymentPostprocessing = 0;
			shellPath = /bin/sh;
			shellScript = "\"${SRCROOT}/Pods/Target Support Files/Pods-Eat/Pods-Eat-frameworks.sh\"\n";
			showEnvVarsInLog = 0;
		};
		C3E1B6A5828FE2C29C13D57E /* [CP] Check Pods Manifest.lock */ = {
			isa = PBXShellScriptBuildPhase;
			buildActionMask = 2147483647;
			files = (
			);
			inputPaths = (
			);
			name = "[CP] Check Pods Manifest.lock";
			outputPaths = (
			);
			runOnlyForDeploymentPostprocessing = 0;
			shellPath = /bin/sh;
			shellScript = "diff \"${PODS_PODFILE_DIR_PATH}/Podfile.lock\" \"${PODS_ROOT}/Manifest.lock\" > /dev/null\nif [ $? != 0 ] ; then\n    # print error to STDERR\n    echo \"error: The sandbox is not in sync with the Podfile.lock. Run 'pod install' or update your CocoaPods installation.\" >&2\n    exit 1\nfi\n";
			showEnvVarsInLog = 0;
		};
		D9452462F1A4FAAD5BB090C9 /* [CP] Copy Pods Resources */ = {
			isa = PBXShellScriptBuildPhase;
			buildActionMask = 2147483647;
			files = (
			);
			inputPaths = (
			);
			name = "[CP] Copy Pods Resources";
			outputPaths = (
			);
			runOnlyForDeploymentPostprocessing = 0;
			shellPath = /bin/sh;
			shellScript = "\"${SRCROOT}/Pods/Target Support Files/Pods-EatUITests/Pods-EatUITests-resources.sh\"\n";
			showEnvVarsInLog = 0;
		};
/* End PBXShellScriptBuildPhase section */

/* Begin PBXSourcesBuildPhase section */
		4F1041A21F023B1600EAC82C /* Sources */ = {
			isa = PBXSourcesBuildPhase;
			buildActionMask = 2147483647;
			files = (
				4F1041B21F023B1600EAC82C /* Eat.xcdatamodeld in Sources */,
				4F22BA081F038F1800F510F9 /* Foods+CoreDataClass.swift in Sources */,
				4F22BA0A1F038FCB00F510F9 /* FoodsExtension.swift in Sources */,
				4F22BA071F038F1800F510F9 /* Foods+CoreDataProperties.swift in Sources */,
				4F22B9F01F0352CF00F510F9 /* CoreDataManager.swift in Sources */,
				4F22B9F21F0352EC00F510F9 /* ViewController.swift in Sources */,
				4F1041AA1F023B1600EAC82C /* AppDelegate.swift in Sources */,
			);
			runOnlyForDeploymentPostprocessing = 0;
		};
		4F1041B91F023B1600EAC82C /* Sources */ = {
			isa = PBXSourcesBuildPhase;
			buildActionMask = 2147483647;
			files = (
				4F1041C21F023B1600EAC82C /* EatTests.swift in Sources */,
			);
			runOnlyForDeploymentPostprocessing = 0;
		};
		4F1041C41F023B1600EAC82C /* Sources */ = {
			isa = PBXSourcesBuildPhase;
			buildActionMask = 2147483647;
			files = (
				4F1041CD1F023B1600EAC82C /* EatUITests.swift in Sources */,
			);
			runOnlyForDeploymentPostprocessing = 0;
		};
/* End PBXSourcesBuildPhase section */

/* Begin PBXTargetDependency section */
		4F1041BF1F023B1600EAC82C /* PBXTargetDependency */ = {
			isa = PBXTargetDependency;
			target = 4F1041A51F023B1600EAC82C /* Eat */;
			targetProxy = 4F1041BE1F023B1600EAC82C /* PBXContainerItemProxy */;
		};
		4F1041CA1F023B1600EAC82C /* PBXTargetDependency */ = {
			isa = PBXTargetDependency;
			target = 4F1041A51F023B1600EAC82C /* Eat */;
			targetProxy = 4F1041C91F023B1600EAC82C /* PBXContainerItemProxy */;
		};
/* End PBXTargetDependency section */

/* Begin XCBuildConfiguration section */
		4F1041CF1F023B1600EAC82C /* Debug */ = {
			isa = XCBuildConfiguration;
			buildSettings = {
				ALWAYS_SEARCH_USER_PATHS = NO;
				CLANG_ANALYZER_NONNULL = YES;
				CLANG_ANALYZER_NUMBER_OBJECT_CONVERSION = YES_AGGRESSIVE;
				CLANG_CXX_LANGUAGE_STANDARD = "gnu++0x";
				CLANG_CXX_LIBRARY = "libc++";
				CLANG_ENABLE_MODULES = YES;
				CLANG_ENABLE_OBJC_ARC = YES;
				CLANG_WARN_BOOL_CONVERSION = YES;
				CLANG_WARN_CONSTANT_CONVERSION = YES;
				CLANG_WARN_DIRECT_OBJC_ISA_USAGE = YES_ERROR;
				CLANG_WARN_DOCUMENTATION_COMMENTS = YES;
				CLANG_WARN_EMPTY_BODY = YES;
				CLANG_WARN_ENUM_CONVERSION = YES;
				CLANG_WARN_INFINITE_RECURSION = YES;
				CLANG_WARN_INT_CONVERSION = YES;
				CLANG_WARN_OBJC_ROOT_CLASS = YES_ERROR;
				CLANG_WARN_SUSPICIOUS_MOVE = YES;
				CLANG_WARN_UNREACHABLE_CODE = YES;
				CLANG_WARN__DUPLICATE_METHOD_MATCH = YES;
				"CODE_SIGN_IDENTITY[sdk=iphoneos*]" = "iPhone Developer";
				COPY_PHASE_STRIP = NO;
				DEBUG_INFORMATION_FORMAT = dwarf;
				ENABLE_STRICT_OBJC_MSGSEND = YES;
				ENABLE_TESTABILITY = YES;
				GCC_C_LANGUAGE_STANDARD = gnu99;
				GCC_DYNAMIC_NO_PIC = NO;
				GCC_NO_COMMON_BLOCKS = YES;
				GCC_OPTIMIZATION_LEVEL = 0;
				GCC_PREPROCESSOR_DEFINITIONS = (
					"DEBUG=1",
					"$(inherited)",
				);
				GCC_WARN_64_TO_32_BIT_CONVERSION = YES;
				GCC_WARN_ABOUT_RETURN_TYPE = YES_ERROR;
				GCC_WARN_UNDECLARED_SELECTOR = YES;
				GCC_WARN_UNINITIALIZED_AUTOS = YES_AGGRESSIVE;
				GCC_WARN_UNUSED_FUNCTION = YES;
				GCC_WARN_UNUSED_VARIABLE = YES;
				IPHONEOS_DEPLOYMENT_TARGET = 10.3;
				MTL_ENABLE_DEBUG_INFO = YES;
				ONLY_ACTIVE_ARCH = YES;
				SDKROOT = iphoneos;
				SWIFT_ACTIVE_COMPILATION_CONDITIONS = DEBUG;
				SWIFT_OPTIMIZATION_LEVEL = "-Onone";
				TARGETED_DEVICE_FAMILY = "1,2";
			};
			name = Debug;
		};
		4F1041D01F023B1600EAC82C /* Release */ = {
			isa = XCBuildConfiguration;
			buildSettings = {
				ALWAYS_SEARCH_USER_PATHS = NO;
				CLANG_ANALYZER_NONNULL = YES;
				CLANG_ANALYZER_NUMBER_OBJECT_CONVERSION = YES_AGGRESSIVE;
				CLANG_CXX_LANGUAGE_STANDARD = "gnu++0x";
				CLANG_CXX_LIBRARY = "libc++";
				CLANG_ENABLE_MODULES = YES;
				CLANG_ENABLE_OBJC_ARC = YES;
				CLANG_WARN_BOOL_CONVERSION = YES;
				CLANG_WARN_CONSTANT_CONVERSION = YES;
				CLANG_WARN_DIRECT_OBJC_ISA_USAGE = YES_ERROR;
				CLANG_WARN_DOCUMENTATION_COMMENTS = YES;
				CLANG_WARN_EMPTY_BODY = YES;
				CLANG_WARN_ENUM_CONVERSION = YES;
				CLANG_WARN_INFINITE_RECURSION = YES;
				CLANG_WARN_INT_CONVERSION = YES;
				CLANG_WARN_OBJC_ROOT_CLASS = YES_ERROR;
				CLANG_WARN_SUSPICIOUS_MOVE = YES;
				CLANG_WARN_UNREACHABLE_CODE = YES;
				CLANG_WARN__DUPLICATE_METHOD_MATCH = YES;
				"CODE_SIGN_IDENTITY[sdk=iphoneos*]" = "iPhone Developer";
				COPY_PHASE_STRIP = NO;
				DEBUG_INFORMATION_FORMAT = "dwarf-with-dsym";
				ENABLE_NS_ASSERTIONS = NO;
				ENABLE_STRICT_OBJC_MSGSEND = YES;
				GCC_C_LANGUAGE_STANDARD = gnu99;
				GCC_NO_COMMON_BLOCKS = YES;
				GCC_WARN_64_TO_32_BIT_CONVERSION = YES;
				GCC_WARN_ABOUT_RETURN_TYPE = YES_ERROR;
				GCC_WARN_UNDECLARED_SELECTOR = YES;
				GCC_WARN_UNINITIALIZED_AUTOS = YES_AGGRESSIVE;
				GCC_WARN_UNUSED_FUNCTION = YES;
				GCC_WARN_UNUSED_VARIABLE = YES;
				IPHONEOS_DEPLOYMENT_TARGET = 10.3;
				MTL_ENABLE_DEBUG_INFO = NO;
				SDKROOT = iphoneos;
				SWIFT_OPTIMIZATION_LEVEL = "-Owholemodule";
				TARGETED_DEVICE_FAMILY = "1,2";
				VALIDATE_PRODUCT = YES;
			};
			name = Release;
		};
		4F1041D21F023B1600EAC82C /* Debug */ = {
			isa = XCBuildConfiguration;
			baseConfigurationReference = 527E098F2552DCEA04F0B230 /* Pods-Eat.debug.xcconfig */;
			buildSettings = {
				ASSETCATALOG_COMPILER_APPICON_NAME = AppIcon;
				DEVELOPMENT_TEAM = XUW37V7S58;
				INFOPLIST_FILE = Eat/Info.plist;
				IPHONEOS_DEPLOYMENT_TARGET = 10.0;
				LD_RUNPATH_SEARCH_PATHS = "$(inherited) @executable_path/Frameworks";
				PRODUCT_BUNDLE_IDENTIFIER = com.xy.test.Eat;
				PRODUCT_NAME = "$(TARGET_NAME)";
				SWIFT_VERSION = 3.0;
				USER_HEADER_SEARCH_PATHS = "${SRC_ROOT}/$PROJECT_NAME/Model";
			};
			name = Debug;
		};
		4F1041D31F023B1600EAC82C /* Release */ = {
			isa = XCBuildConfiguration;
			baseConfigurationReference = 31DA5641A4512FD0D51AD418 /* Pods-Eat.release.xcconfig */;
			buildSettings = {
				ASSETCATALOG_COMPILER_APPICON_NAME = AppIcon;
				DEVELOPMENT_TEAM = XUW37V7S58;
				INFOPLIST_FILE = Eat/Info.plist;
				IPHONEOS_DEPLOYMENT_TARGET = 10.0;
				LD_RUNPATH_SEARCH_PATHS = "$(inherited) @executable_path/Frameworks";
				PRODUCT_BUNDLE_IDENTIFIER = com.xy.test.Eat;
				PRODUCT_NAME = "$(TARGET_NAME)";
				SWIFT_VERSION = 3.0;
				USER_HEADER_SEARCH_PATHS = "${SRC_ROOT}/$PROJECT_NAME/Model";
			};
			name = Release;
		};
		4F1041D51F023B1600EAC82C /* Debug */ = {
			isa = XCBuildConfiguration;
			baseConfigurationReference = 5E1789F885F87C60EB6539C1 /* Pods-EatTests.debug.xcconfig */;
			buildSettings = {
				ALWAYS_EMBED_SWIFT_STANDARD_LIBRARIES = YES;
				BUNDLE_LOADER = "$(TEST_HOST)";
				DEVELOPMENT_TEAM = XUW37V7S58;
				INFOPLIST_FILE = EatTests/Info.plist;
				LD_RUNPATH_SEARCH_PATHS = "$(inherited) @executable_path/Frameworks @loader_path/Frameworks";
				PRODUCT_BUNDLE_IDENTIFIER = com.xy.test.EatTests;
				PRODUCT_NAME = "$(TARGET_NAME)";
				SWIFT_VERSION = 3.0;
				TEST_HOST = "$(BUILT_PRODUCTS_DIR)/Eat.app/Eat";
			};
			name = Debug;
		};
		4F1041D61F023B1600EAC82C /* Release */ = {
			isa = XCBuildConfiguration;
			baseConfigurationReference = 84F9576BF18E9BB65F83D31C /* Pods-EatTests.release.xcconfig */;
			buildSettings = {
				ALWAYS_EMBED_SWIFT_STANDARD_LIBRARIES = YES;
				BUNDLE_LOADER = "$(TEST_HOST)";
				DEVELOPMENT_TEAM = XUW37V7S58;
				INFOPLIST_FILE = EatTests/Info.plist;
				LD_RUNPATH_SEARCH_PATHS = "$(inherited) @executable_path/Frameworks @loader_path/Frameworks";
				PRODUCT_BUNDLE_IDENTIFIER = com.xy.test.EatTests;
				PRODUCT_NAME = "$(TARGET_NAME)";
				SWIFT_VERSION = 3.0;
				TEST_HOST = "$(BUILT_PRODUCTS_DIR)/Eat.app/Eat";
			};
			name = Release;
		};
		4F1041D81F023B1600EAC82C /* Debug */ = {
			isa = XCBuildConfiguration;
			baseConfigurationReference = E8FFD9AF0706A7A563D2BA8F /* Pods-EatUITests.debug.xcconfig */;
			buildSettings = {
				ALWAYS_EMBED_SWIFT_STANDARD_LIBRARIES = YES;
				DEVELOPMENT_TEAM = XUW37V7S58;
				INFOPLIST_FILE = EatUITests/Info.plist;
				LD_RUNPATH_SEARCH_PATHS = "$(inherited) @executable_path/Frameworks @loader_path/Frameworks";
				PRODUCT_BUNDLE_IDENTIFIER = com.xy.test.EatUITests;
				PRODUCT_NAME = "$(TARGET_NAME)";
				SWIFT_VERSION = 3.0;
				TEST_TARGET_NAME = Eat;
			};
			name = Debug;
		};
		4F1041D91F023B1600EAC82C /* Release */ = {
			isa = XCBuildConfiguration;
			baseConfigurationReference = E91B76423A1C208EC4016B91 /* Pods-EatUITests.release.xcconfig */;
			buildSettings = {
				ALWAYS_EMBED_SWIFT_STANDARD_LIBRARIES = YES;
				DEVELOPMENT_TEAM = XUW37V7S58;
				INFOPLIST_FILE = EatUITests/Info.plist;
				LD_RUNPATH_SEARCH_PATHS = "$(inherited) @executable_path/Frameworks @loader_path/Frameworks";
				PRODUCT_BUNDLE_IDENTIFIER = com.xy.test.EatUITests;
				PRODUCT_NAME = "$(TARGET_NAME)";
				SWIFT_VERSION = 3.0;
				TEST_TARGET_NAME = Eat;
			};
			name = Release;
		};
/* End XCBuildConfiguration section */

/* Begin XCConfigurationList section */
		4F1041A11F023B1600EAC82C /* Build configuration list for PBXProject "Eat" */ = {
			isa = XCConfigurationList;
			buildConfigurations = (
				4F1041CF1F023B1600EAC82C /* Debug */,
				4F1041D01F023B1600EAC82C /* Release */,
			);
			defaultConfigurationIsVisible = 0;
			defaultConfigurationName = Release;
		};
		4F1041D11F023B1600EAC82C /* Build configuration list for PBXNativeTarget "Eat" */ = {
			isa = XCConfigurationList;
			buildConfigurations = (
				4F1041D21F023B1600EAC82C /* Debug */,
				4F1041D31F023B1600EAC82C /* Release */,
			);
			defaultConfigurationIsVisible = 0;
			defaultConfigurationName = Release;
		};
		4F1041D41F023B1600EAC82C /* Build configuration list for PBXNativeTarget "EatTests" */ = {
			isa = XCConfigurationList;
			buildConfigurations = (
				4F1041D51F023B1600EAC82C /* Debug */,
				4F1041D61F023B1600EAC82C /* Release */,
			);
			defaultConfigurationIsVisible = 0;
			defaultConfigurationName = Release;
		};
		4F1041D71F023B1600EAC82C /* Build configuration list for PBXNativeTarget "EatUITests" */ = {
			isa = XCConfigurationList;
			buildConfigurations = (
				4F1041D81F023B1600EAC82C /* Debug */,
				4F1041D91F023B1600EAC82C /* Release */,
			);
			defaultConfigurationIsVisible = 0;
			defaultConfigurationName = Release;
		};
/* End XCConfigurationList section */

/* Begin XCVersionGroup section */
		4F1041B01F023B1600EAC82C /* Eat.xcdatamodeld */ = {
			isa = XCVersionGroup;
			children = (
				4F1041B11F023B1600EAC82C /* Eat.xcdatamodel */,
			);
			currentVersion = 4F1041B11F023B1600EAC82C /* Eat.xcdatamodel */;
			path = Eat.xcdatamodeld;
			sourceTree = "<group>";
			versionGroupType = wrapper.xcdatamodel;
		};
/* End XCVersionGroup section */
	};
	rootObject = 4F10419E1F023B1600EAC82C /* Project object */;
}
